
Microsoft Visual Studio Solution File, Format Version 12.00
# Visual Studio Version 16
VisualStudioVersion = 16.0.31402.337
MinimumVisualStudioVersion = 10.0.40219.1
Project("{FAE04EC0-301F-11D3-BF4B-00C04F79EFBC}") = "curso.api", "curso.api\curso.api.csproj", "{BE965D03-8759-4E57-8CA9-8FD4DE840FB0}"
EndProject
Global
	GlobalSection(SolutionConfigurationPlatforms) = preSolution
		Debug|Any CPU = Debug|Any CPU
		Release|Any CPU = Release|Any CPU
	EndGlobalSection
	GlobalSection(ProjectConfigurationPlatforms) = postSolution
		{BE965D03-8759-4E57-8CA9-8FD4DE840FB0}.Debug|Any CPU.ActiveCfg = Debug|Any CPU
		{BE965D03-8759-4E57-8CA9-8FD4DE840FB0}.Debug|Any CPU.Build.0 = Debug|Any CPU
		{BE965D03-8759-4E57-8CA9-8FD4DE840FB0}.Release|Any CPU.ActiveCfg = Release|Any CPU
		{BE965D03-8759-4E57-8CA9-8FD4DE840FB0}.Release|Any CPU.Build.0 = Release|Any CPU
	EndGlobalSection
	GlobalSection(SolutionProperties) = preSolution
		HideSolutionNode = FALSE
	EndGlobalSection
	GlobalSection(ExtensibilityGlobals) = postSolution
		SolutionGuid = {6760EC7E-2808-4161-9998-3234275CF4E7}
	EndGlobalSection
EndGlobal
